
Microsoft Visual Studio Solution File, Format Version 12.00
# Visual Studio Version 17
VisualStudioVersion = 17.12.35527.113
MinimumVisualStudioVersion = 10.0.40219.1
Project("{FAE04EC0-301F-11D3-BF4B-00C04F79EFBC}") = "ServicioProductos.API", "ServicioProductos.API\ServicioProductos.API.csproj", "{AF4F8D1B-460D-4778-A80C-CFB288179348}"
EndProject
Project("{FAE04EC0-301F-11D3-BF4B-00C04F79EFBC}") = "ServicioTransacciones.API", "ServicioTransacciones.API\ServicioTransacciones.API.csproj", "{7A7BBE53-8107-4D25-BEFC-1FCAA2F912A8}"
EndProject
Global
	GlobalSection(SolutionConfigurationPlatforms) = preSolution
		Debug|Any CPU = Debug|Any CPU
		Release|Any CPU = Release|Any CPU
	EndGlobalSection
	GlobalSection(ProjectConfigurationPlatforms) = postSolution
		{AF4F8D1B-460D-4778-A80C-CFB288179348}.Debug|Any CPU.ActiveCfg = Debug|Any CPU
		{AF4F8D1B-460D-4778-A80C-CFB288179348}.Debug|Any CPU.Build.0 = Debug|Any CPU
		{AF4F8D1B-460D-4778-A80C-CFB288179348}.Release|Any CPU.ActiveCfg = Release|Any CPU
		{AF4F8D1B-460D-4778-A80C-CFB288179348}.Release|Any CPU.Build.0 = Release|Any CPU
		{7A7BBE53-8107-4D25-BEFC-1FCAA2F912A8}.Debug|Any CPU.ActiveCfg = Debug|Any CPU
		{7A7BBE53-8107-4D25-BEFC-1FCAA2F912A8}.Debug|Any CPU.Build.0 = Debug|Any CPU
		{7A7BBE53-8107-4D25-BEFC-1FCAA2F912A8}.Release|Any CPU.ActiveCfg = Release|Any CPU
		{7A7BBE53-8107-4D25-BEFC-1FCAA2F912A8}.Release|Any CPU.Build.0 = Release|Any CPU
	EndGlobalSection
	GlobalSection(SolutionProperties) = preSolution
		HideSolutionNode = FALSE
	EndGlobalSection
	GlobalSection(ExtensibilityGlobals) = postSolution
		SolutionGuid = {88B9A835-744B-4715-A5E4-07F45228986A}
	EndGlobalSection
EndGlobal
